// !$*UTF8*$!
{
	archiveVersion = 1;
	classes = {
	};
	objectVersion = 46;
	objects = {

/* Begin PBXBuildFile section */
		AF258AA11DD47F22005DA8FD /* ListController.swift in Sources */ = {isa = PBXBuildFile; fileRef = AF258AA01DD47F22005DA8FD /* ListController.swift */; };
		AF258AA31DD47F49005DA8FD /* NoteController.swift in Sources */ = {isa = PBXBuildFile; fileRef = AF258AA21DD47F49005DA8FD /* NoteController.swift */; };
		AF2F666E1DC1F9910092B8EF /* AppDelegate.swift in Sources */ = {isa = PBXBuildFile; fileRef = AF2F666D1DC1F9910092B8EF /* AppDelegate.swift */; };
		AF2F66701DC1F9910092B8EF /* ViewController.swift in Sources */ = {isa = PBXBuildFile; fileRef = AF2F666F1DC1F9910092B8EF /* ViewController.swift */; };
		AF2F66731DC1F9910092B8EF /* Main.storyboard in Resources */ = {isa = PBXBuildFile; fileRef = AF2F66711DC1F9910092B8EF /* Main.storyboard */; };
		AF2F66761DC1F9910092B8EF /* Note_It.xcdatamodeld in Sources */ = {isa = PBXBuildFile; fileRef = AF2F66741DC1F9910092B8EF /* Note_It.xcdatamodeld */; };
		AF2F66781DC1F9910092B8EF /* Assets.xcassets in Resources */ = {isa = PBXBuildFile; fileRef = AF2F66771DC1F9910092B8EF /* Assets.xcassets */; };
		AF2F667B1DC1F9910092B8EF /* LaunchScreen.storyboard in Resources */ = {isa = PBXBuildFile; fileRef = AF2F66791DC1F9910092B8EF /* LaunchScreen.storyboard */; };
		AF2F66861DC1F9910092B8EF /* Note_ItTests.swift in Sources */ = {isa = PBXBuildFile; fileRef = AF2F66851DC1F9910092B8EF /* Note_ItTests.swift */; };
		AF2F66911DC1F9910092B8EF /* Note_ItUITests.swift in Sources */ = {isa = PBXBuildFile; fileRef = AF2F66901DC1F9910092B8EF /* Note_ItUITests.swift */; };
		AF2F669F1DC204B20092B8EF /* Notes.swift in Sources */ = {isa = PBXBuildFile; fileRef = AF2F669E1DC204B20092B8EF /* Notes.swift */; };
		AF38EDF41DCB3A0A00A4A75D /* NotesTest.swift in Sources */ = {isa = PBXBuildFile; fileRef = AF38EDF31DCB3A0A00A4A75D /* NotesTest.swift */; };
		AF38EDF61DCB3D5D00A4A75D /* Notes.swift in Sources */ = {isa = PBXBuildFile; fileRef = AF2F669E1DC204B20092B8EF /* Notes.swift */; };
/* End PBXBuildFile section */

/* Begin PBXContainerItemProxy section */
		AF2F66821DC1F9910092B8EF /* PBXContainerItemProxy */ = {
			isa = PBXContainerItemProxy;
			containerPortal = AF2F66621DC1F9900092B8EF /* Project object */;
			proxyType = 1;
			remoteGlobalIDString = AF2F66691DC1F9900092B8EF;
			remoteInfo = "Note It";
		};
		AF2F668D1DC1F9910092B8EF /* PBXContainerItemProxy */ = {
			isa = PBXContainerItemProxy;
			containerPortal = AF2F66621DC1F9900092B8EF /* Project object */;
			proxyType = 1;
			remoteGlobalIDString = AF2F66691DC1F9900092B8EF;
			remoteInfo = "Note It";
		};
/* End PBXContainerItemProxy section */

/* Begin PBXFileReference section */
		AF258AA01DD47F22005DA8FD /* ListController.swift */ = {isa = PBXFileReference; fileEncoding = 4; lastKnownFileType = sourcecode.swift; path = ListController.swift; sourceTree = "<group>"; };
		AF258AA21DD47F49005DA8FD /* NoteController.swift */ = {isa = PBXFileReference; fileEncoding = 4; lastKnownFileType = sourcecode.swift; path = NoteController.swift; sourceTree = "<group>"; };
		AF2F666A1DC1F9910092B8EF /* Note It.app */ = {isa = PBXFileReference; explicitFileType = wrapper.application; includeInIndex = 0; path = "Note It.app"; sourceTree = BUILT_PRODUCTS_DIR; };
		AF2F666D1DC1F9910092B8EF /* AppDelegate.swift */ = {isa = PBXFileReference; lastKnownFileType = sourcecode.swift; path = AppDelegate.swift; sourceTree = "<group>"; };
		AF2F666F1DC1F9910092B8EF /* ViewController.swift */ = {isa = PBXFileReference; lastKnownFileType = sourcecode.swift; path = ViewController.swift; sourceTree = "<group>"; };
		AF2F66721DC1F9910092B8EF /* Base */ = {isa = PBXFileReference; lastKnownFileType = file.storyboard; name = Base; path = Base.lproj/Main.storyboard; sourceTree = "<group>"; };
		AF2F66751DC1F9910092B8EF /* Note_It.xcdatamodel */ = {isa = PBXFileReference; lastKnownFileType = wrapper.xcdatamodel; path = Note_It.xcdatamodel; sourceTree = "<group>"; };
		AF2F66771DC1F9910092B8EF /* Assets.xcassets */ = {isa = PBXFileReference; lastKnownFileType = folder.assetcatalog; path = Assets.xcassets; sourceTree = "<group>"; };
		AF2F667A1DC1F9910092B8EF /* Base */ = {isa = PBXFileReference; lastKnownFileType = file.storyboard; name = Base; path = Base.lproj/LaunchScreen.storyboard; sourceTree = "<group>"; };
		AF2F667C1DC1F9910092B8EF /* Info.plist */ = {isa = PBXFileReference; lastKnownFileType = text.plist.xml; path = Info.plist; sourceTree = "<group>"; };
		AF2F66811DC1F9910092B8EF /* Note ItTests.xctest */ = {isa = PBXFileReference; explicitFileType = wrapper.cfbundle; includeInIndex = 0; path = "Note ItTests.xctest"; sourceTree = BUILT_PRODUCTS_DIR; };
		AF2F66851DC1F9910092B8EF /* Note_ItTests.swift */ = {isa = PBXFileReference; lastKnownFileType = sourcecode.swift; path = Note_ItTests.swift; sourceTree = "<group>"; };
		AF2F66871DC1F9910092B8EF /* Info.plist */ = {isa = PBXFileReference; lastKnownFileType = text.plist.xml; path = Info.plist; sourceTree = "<group>"; };
		AF2F668C1DC1F9910092B8EF /* Note ItUITests.xctest */ = {isa = PBXFileReference; explicitFileType = wrapper.cfbundle; includeInIndex = 0; path = "Note ItUITests.xctest"; sourceTree = BUILT_PRODUCTS_DIR; };
		AF2F66901DC1F9910092B8EF /* Note_ItUITests.swift */ = {isa = PBXFileReference; lastKnownFileType = sourcecode.swift; path = Note_ItUITests.swift; sourceTree = "<group>"; };
		AF2F66921DC1F9910092B8EF /* Info.plist */ = {isa = PBXFileReference; lastKnownFileType = text.plist.xml; path = Info.plist; sourceTree = "<group>"; };
		AF2F669E1DC204B20092B8EF /* Notes.swift */ = {isa = PBXFileReference; fileEncoding = 4; lastKnownFileType = sourcecode.swift; path = Notes.swift; sourceTree = "<group>"; };
		AF38EDF31DCB3A0A00A4A75D /* NotesTest.swift */ = {isa = PBXFileReference; fileEncoding = 4; lastKnownFileType = sourcecode.swift; path = NotesTest.swift; sourceTree = "<group>"; };
/* End PBXFileReference section */

/* Begin PBXFrameworksBuildPhase section */
		AF2F66671DC1F9900092B8EF /* Frameworks */ = {
			isa = PBXFrameworksBuildPhase;
			buildActionMask = 2147483647;
			files = (
			);
			runOnlyForDeploymentPostprocessing = 0;
		};
		AF2F667E1DC1F9910092B8EF /* Frameworks */ = {
			isa = PBXFrameworksBuildPhase;
			buildActionMask = 2147483647;
			files = (
			);
			runOnlyForDeploymentPostprocessing = 0;
		};
		AF2F66891DC1F9910092B8EF /* Frameworks */ = {
			isa = PBXFrameworksBuildPhase;
			buildActionMask = 2147483647;
			files = (
			);
			runOnlyForDeploymentPostprocessing = 0;
		};
/* End PBXFrameworksBuildPhase section */

/* Begin PBXGroup section */
		AF2F66611DC1F9900092B8EF = {
			isa = PBXGroup;
			children = (
				AF2F666C1DC1F9910092B8EF /* Note It */,
				AF2F66841DC1F9910092B8EF /* Note ItTests */,
				AF2F668F1DC1F9910092B8EF /* Note ItUITests */,
				AF2F666B1DC1F9910092B8EF /* Products */,
			);
			sourceTree = "<group>";
		};
		AF2F666B1DC1F9910092B8EF /* Products */ = {
			isa = PBXGroup;
			children = (
				AF2F666A1DC1F9910092B8EF /* Note It.app */,
				AF2F66811DC1F9910092B8EF /* Note ItTests.xctest */,
				AF2F668C1DC1F9910092B8EF /* Note ItUITests.xctest */,
			);
			name = Products;
			sourceTree = "<group>";
		};
		AF2F666C1DC1F9910092B8EF /* Note It */ = {
			isa = PBXGroup;
			children = (
				AF2F666D1DC1F9910092B8EF /* AppDelegate.swift */,
				AF2F666F1DC1F9910092B8EF /* ViewController.swift */,
				AF2F66711DC1F9910092B8EF /* Main.storyboard */,
				AF2F66771DC1F9910092B8EF /* Assets.xcassets */,
				AF2F66791DC1F9910092B8EF /* LaunchScreen.storyboard */,
				AF2F667C1DC1F9910092B8EF /* Info.plist */,
				AF2F66741DC1F9910092B8EF /* Note_It.xcdatamodeld */,
				AF2F669E1DC204B20092B8EF /* Notes.swift */,
				AF258AA01DD47F22005DA8FD /* ListController.swift */,
				AF258AA21DD47F49005DA8FD /* NoteController.swift */,
			);
			path = "Note It";
			sourceTree = "<group>";
		};
		AF2F66841DC1F9910092B8EF /* Note ItTests */ = {
			isa = PBXGroup;
			children = (
				AF2F66851DC1F9910092B8EF /* Note_ItTests.swift */,
				AF2F66871DC1F9910092B8EF /* Info.plist */,
				AF38EDF31DCB3A0A00A4A75D /* NotesTest.swift */,
			);
			path = "Note ItTests";
			sourceTree = "<group>";
		};
		AF2F668F1DC1F9910092B8EF /* Note ItUITests */ = {
			isa = PBXGroup;
			children = (
				AF2F66901DC1F9910092B8EF /* Note_ItUITests.swift */,
				AF2F66921DC1F9910092B8EF /* Info.plist */,
			);
			path = "Note ItUITests";
			sourceTree = "<group>";
		};
/* End PBXGroup section */

/* Begin PBXNativeTarget section */
		AF2F66691DC1F9900092B8EF /* Note It */ = {
			isa = PBXNativeTarget;
			buildConfigurationList = AF2F66951DC1F9910092B8EF /* Build configuration list for PBXNativeTarget "Note It" */;
			buildPhases = (
				AF2F66661DC1F9900092B8EF /* Sources */,
				AF2F66671DC1F9900092B8EF /* Frameworks */,
				AF2F66681DC1F9900092B8EF /* Resources */,
			);
			buildRules = (
			);
			dependencies = (
			);
			name = "Note It";
			productName = "Note It";
			productReference = AF2F666A1DC1F9910092B8EF /* Note It.app */;
			productType = "com.apple.product-type.application";
		};
		AF2F66801DC1F9910092B8EF /* Note ItTests */ = {
			isa = PBXNativeTarget;
			buildConfigurationList = AF2F66981DC1F9910092B8EF /* Build configuration list for PBXNativeTarget "Note ItTests" */;
			buildPhases = (
				AF2F667D1DC1F9910092B8EF /* Sources */,
				AF2F667E1DC1F9910092B8EF /* Frameworks */,
				AF2F667F1DC1F9910092B8EF /* Resources */,
			);
			buildRules = (
			);
			dependencies = (
				AF2F66831DC1F9910092B8EF /* PBXTargetDependency */,
			);
			name = "Note ItTests";
			productName = "Note ItTests";
			productReference = AF2F66811DC1F9910092B8EF /* Note ItTests.xctest */;
			productType = "com.apple.product-type.bundle.unit-test";
		};
		AF2F668B1DC1F9910092B8EF /* Note ItUITests */ = {
			isa = PBXNativeTarget;
			buildConfigurationList = AF2F669B1DC1F9910092B8EF /* Build configuration list for PBXNativeTarget "Note ItUITests" */;
			buildPhases = (
				AF2F66881DC1F9910092B8EF /* Sources */,
				AF2F66891DC1F9910092B8EF /* Frameworks */,
				AF2F668A1DC1F9910092B8EF /* Resources */,
			);
			buildRules = (
			);
			dependencies = (
				AF2F668E1DC1F9910092B8EF /* PBXTargetDependency */,
			);
			name = "Note ItUITests";
			productName = "Note ItUITests";
			productReference = AF2F668C1DC1F9910092B8EF /* Note ItUITests.xctest */;
			productType = "com.apple.product-type.bundle.ui-testing";
		};
/* End PBXNativeTarget section */

/* Begin PBXProject section */
		AF2F66621DC1F9900092B8EF /* Project object */ = {
			isa = PBXProject;
			attributes = {
				LastSwiftUpdateCheck = 0800;
				LastUpgradeCheck = 0800;
				ORGANIZATIONNAME = "Coventry University";
				TargetAttributes = {
					AF2F66691DC1F9900092B8EF = {
						CreatedOnToolsVersion = 8.0;
						ProvisioningStyle = Automatic;
					};
					AF2F66801DC1F9910092B8EF = {
						CreatedOnToolsVersion = 8.0;
						ProvisioningStyle = Automatic;
						TestTargetID = AF2F66691DC1F9900092B8EF;
					};
					AF2F668B1DC1F9910092B8EF = {
						CreatedOnToolsVersion = 8.0;
						ProvisioningStyle = Automatic;
						TestTargetID = AF2F66691DC1F9900092B8EF;
					};
				};
			};
			buildConfigurationList = AF2F66651DC1F9900092B8EF /* Build configuration list for PBXProject "Note It" */;
			compatibilityVersion = "Xcode 3.2";
			developmentRegion = English;
			hasScannedForEncodings = 0;
			knownRegions = (
				en,
				Base,
			);
			mainGroup = AF2F66611DC1F9900092B8EF;
			productRefGroup = AF2F666B1DC1F9910092B8EF /* Products */;
			projectDirPath = "";
			projectRoot = "";
			targets = (
				AF2F66691DC1F9900092B8EF /* Note It */,
				AF2F66801DC1F9910092B8EF /* Note ItTests */,
				AF2F668B1DC1F9910092B8EF /* Note ItUITests */,
			);
		};
/* End PBXProject section */

/* Begin PBXResourcesBuildPhase section */
		AF2F66681DC1F9900092B8EF /* Resources */ = {
			isa = PBXResourcesBuildPhase;
			buildActionMask = 2147483647;
			files = (
				AF2F667B1DC1F9910092B8EF /* LaunchScreen.storyboard in Resources */,
				AF2F66781DC1F9910092B8EF /* Assets.xcassets in Resources */,
				AF2F66731DC1F9910092B8EF /* Main.storyboard in Resources */,
			);
			runOnlyForDeploymentPostprocessing = 0;
		};
		AF2F667F1DC1F9910092B8EF /* Resources */ = {
			isa = PBXResourcesBuildPhase;
			buildActionMask = 2147483647;
			files = (
			);
			runOnlyForDeploymentPostprocessing = 0;
		};
		AF2F668A1DC1F9910092B8EF /* Resources */ = {
			isa = PBXResourcesBuildPhase;
			buildActionMask = 2147483647;
			files = (
			);
			runOnlyForDeploymentPostprocessing = 0;
		};
/* End PBXResourcesBuildPhase section */

/* Begin PBXSourcesBuildPhase section */
		AF2F66661DC1F9900092B8EF /* Sources */ = {
			isa = PBXSourcesBuildPhase;
			buildActionMask = 2147483647;
			files = (
				AF2F66701DC1F9910092B8EF /* ViewController.swift in Sources */,
				AF258AA31DD47F49005DA8FD /* NoteController.swift in Sources */,
				AF258AA11DD47F22005DA8FD /* ListController.swift in Sources */,
				AF2F66761DC1F9910092B8EF /* Note_It.xcdatamodeld in Sources */,
				AF2F666E1DC1F9910092B8EF /* AppDelegate.swift in Sources */,
				AF2F669F1DC204B20092B8EF /* Notes.swift in Sources */,
			);
			runOnlyForDeploymentPostprocessing = 0;
		};
		AF2F667D1DC1F9910092B8EF /* Sources */ = {
			isa = PBXSourcesBuildPhase;
			buildActionMask = 2147483647;
			files = (
				AF2F66861DC1F9910092B8EF /* Note_ItTests.swift in Sources */,
				AF38EDF41DCB3A0A00A4A75D /* NotesTest.swift in Sources */,
				AF38EDF61DCB3D5D00A4A75D /* Notes.swift in Sources */,
			);
			runOnlyForDeploymentPostprocessing = 0;
		};
		AF2F66881DC1F9910092B8EF /* Sources */ = {
			isa = PBXSourcesBuildPhase;
			buildActionMask = 2147483647;
			files = (
				AF2F66911DC1F9910092B8EF /* Note_ItUITests.swift in Sources */,
			);
			runOnlyForDeploymentPostprocessing = 0;
		};
/* End PBXSourcesBuildPhase section */

/* Begin PBXTargetDependency section */
		AF2F66831DC1F9910092B8EF /* PBXTargetDependency */ = {
			isa = PBXTargetDependency;
			target = AF2F66691DC1F9900092B8EF /* Note It */;
			targetProxy = AF2F66821DC1F9910092B8EF /* PBXContainerItemProxy */;
		};
		AF2F668E1DC1F9910092B8EF /* PBXTargetDependency */ = {
			isa = PBXTargetDependency;
			target = AF2F66691DC1F9900092B8EF /* Note It */;
			targetProxy = AF2F668D1DC1F9910092B8EF /* PBXContainerItemProxy */;
		};
/* End PBXTargetDependency section */

/* Begin PBXVariantGroup section */
		AF2F66711DC1F9910092B8EF /* Main.storyboard */ = {
			isa = PBXVariantGroup;
			children = (
				AF2F66721DC1F9910092B8EF /* Base */,
			);
			name = Main.storyboard;
			sourceTree = "<group>";
		};
		AF2F66791DC1F9910092B8EF /* LaunchScreen.storyboard */ = {
			isa = PBXVariantGroup;
			children = (
				AF2F667A1DC1F9910092B8EF /* Base */,
			);
			name = LaunchScreen.storyboard;
			sourceTree = "<group>";
		};
/* End PBXVariantGroup section */

/* Begin XCBuildConfiguration section */
		AF2F66931DC1F9910092B8EF /* Debug */ = {
			isa = XCBuildConfiguration;
			buildSettings = {
				ALWAYS_SEARCH_USER_PATHS = NO;
				CLANG_ANALYZER_NONNULL = YES;
				CLANG_CXX_LANGUAGE_STANDARD = "gnu++0x";
				CLANG_CXX_LIBRARY = "libc++";
				CLANG_ENABLE_MODULES = YES;
				CLANG_ENABLE_OBJC_ARC = YES;
				CLANG_WARN_BOOL_CONVERSION = YES;
				CLANG_WARN_CONSTANT_CONVERSION = YES;
				CLANG_WARN_DIRECT_OBJC_ISA_USAGE = YES_ERROR;
				CLANG_WARN_DOCUMENTATION_COMMENTS = YES;
				CLANG_WARN_EMPTY_BODY = YES;
				CLANG_WARN_ENUM_CONVERSION = YES;
				CLANG_WARN_INFINITE_RECURSION = YES;
				CLANG_WARN_INT_CONVERSION = YES;
				CLANG_WARN_OBJC_ROOT_CLASS = YES_ERROR;
				CLANG_WARN_SUSPICIOUS_MOVES = YES;
				CLANG_WARN_UNREACHABLE_CODE = YES;
				CLANG_WARN__DUPLICATE_METHOD_MATCH = YES;
				"CODE_SIGN_IDENTITY[sdk=iphoneos*]" = "iPhone Developer";
				COPY_PHASE_STRIP = NO;
				DEBUG_INFORMATION_FORMAT = dwarf;
				ENABLE_STRICT_OBJC_MSGSEND = YES;
				ENABLE_TESTABILITY = YES;
				GCC_C_LANGUAGE_STANDARD = gnu99;
				GCC_DYNAMIC_NO_PIC = NO;
				GCC_NO_COMMON_BLOCKS = YES;
				GCC_OPTIMIZATION_LEVEL = 0;
				GCC_PREPROCESSOR_DEFINITIONS = (
					"DEBUG=1",
					"$(inherited)",
				);
				GCC_WARN_64_TO_32_BIT_CONVERSION = YES;
				GCC_WARN_ABOUT_RETURN_TYPE = YES_ERROR;
				GCC_WARN_UNDECLARED_SELECTOR = YES;
				GCC_WARN_UNINITIALIZED_AUTOS = YES_AGGRESSIVE;
				GCC_WARN_UNUSED_FUNCTION = YES;
				GCC_WARN_UNUSED_VARIABLE = YES;
				IPHONEOS_DEPLOYMENT_TARGET = 10.0;
				MTL_ENABLE_DEBUG_INFO = YES;
				ONLY_ACTIVE_ARCH = YES;
				SDKROOT = iphoneos;
				SWIFT_ACTIVE_COMPILATION_CONDITIONS = DEBUG;
				SWIFT_OPTIMIZATION_LEVEL = "-Onone";
			};
			name = Debug;
		};
		AF2F66941DC1F9910092B8EF /* Release */ = {
			isa = XCBuildConfiguration;
			buildSettings = {
				ALWAYS_SEARCH_USER_PATHS = NO;
				CLANG_ANALYZER_NONNULL = YES;
				CLANG_CXX_LANGUAGE_STANDARD = "gnu++0x";
				CLANG_CXX_LIBRARY = "libc++";
				CLANG_ENABLE_MODULES = YES;
				CLANG_ENABLE_OBJC_ARC = YES;
				CLANG_WARN_BOOL_CONVERSION = YES;
				CLANG_WARN_CONSTANT_CONVERSION = YES;
				CLANG_WARN_DIRECT_OBJC_ISA_USAGE = YES_ERROR;
				CLANG_WARN_DOCUMENTATION_COMMENTS = YES;
				CLANG_WARN_EMPTY_BODY = YES;
				CLANG_WARN_ENUM_CONVERSION = YES;
				CLANG_WARN_INFINITE_RECURSION = YES;
				CLANG_WARN_INT_CONVERSION = YES;
				CLANG_WARN_OBJC_ROOT_CLASS = YES_ERROR;
				CLANG_WARN_SUSPICIOUS_MOVES = YES;
				CLANG_WARN_UNREACHABLE_CODE = YES;
				CLANG_WARN__DUPLICATE_METHOD_MATCH = YES;
				"CODE_SIGN_IDENTITY[sdk=iphoneos*]" = "iPhone Developer";
				COPY_PHASE_STRIP = NO;
				DEBUG_INFORMATION_FORMAT = "dwarf-with-dsym";
				ENABLE_NS_ASSERTIONS = NO;
				ENABLE_STRICT_OBJC_MSGSEND = YES;
				GCC_C_LANGUAGE_STANDARD = gnu99;
				GCC_NO_COMMON_BLOCKS = YES;
				GCC_WARN_64_TO_32_BIT_CONVERSION = YES;
				GCC_WARN_ABOUT_RETURN_TYPE = YES_ERROR;
				GCC_WARN_UNDECLARED_SELECTOR = YES;
				GCC_WARN_UNINITIALIZED_AUTOS = YES_AGGRESSIVE;
				GCC_WARN_UNUSED_FUNCTION = YES;
				GCC_WARN_UNUSED_VARIABLE = YES;
				IPHONEOS_DEPLOYMENT_TARGET = 10.0;
				MTL_ENABLE_DEBUG_INFO = NO;
				SDKROOT = iphoneos;
				SWIFT_OPTIMIZATION_LEVEL = "-Owholemodule";
				VALIDATE_PRODUCT = YES;
			};
			name = Release;
		};
		AF2F66961DC1F9910092B8EF /* Debug */ = {
			isa = XCBuildConfiguration;
			buildSettings = {
				ASSETCATALOG_COMPILER_APPICON_NAME = AppIcon;
				INFOPLIST_FILE = "Note It/Info.plist";
				LD_RUNPATH_SEARCH_PATHS = "$(inherited) @executable_path/Frameworks";
				PRODUCT_BUNDLE_IDENTIFIER = "uk.ac.coventry.noteit.Note-It";
				PRODUCT_NAME = "$(TARGET_NAME)";
				SWIFT_VERSION = 3.0;
			};
			name = Debug;
		};
		AF2F66971DC1F9910092B8EF /* Release */ = {
			isa = XCBuildConfiguration;
			buildSettings = {
				ASSETCATALOG_COMPILER_APPICON_NAME = AppIcon;
				INFOPLIST_FILE = "Note It/Info.plist";
				LD_RUNPATH_SEARCH_PATHS = "$(inherited) @executable_path/Frameworks";
				PRODUCT_BUNDLE_IDENTIFIER = "uk.ac.coventry.noteit.Note-It";
				PRODUCT_NAME = "$(TARGET_NAME)";
				SWIFT_VERSION = 3.0;
			};
			name = Release;
		};
		AF2F66991DC1F9910092B8EF /* Debug */ = {
			isa = XCBuildConfiguration;
			buildSettings = {
				ALWAYS_EMBED_SWIFT_STANDARD_LIBRARIES = YES;
				BUNDLE_LOADER = "$(TEST_HOST)";
				INFOPLIST_FILE = "Note ItTests/Info.plist";
				LD_RUNPATH_SEARCH_PATHS = "$(inherited) @executable_path/Frameworks @loader_path/Frameworks";
				PRODUCT_BUNDLE_IDENTIFIER = "uk.ac.coventry.noteit.Note-ItTests";
				PRODUCT_NAME = "$(TARGET_NAME)";
				SWIFT_VERSION = 3.0;
				TEST_HOST = "$(BUILT_PRODUCTS_DIR)/Note It.app/Note It";
			};
			name = Debug;
		};
		AF2F669A1DC1F9910092B8EF /* Release */ = {
			isa = XCBuildConfiguration;
			buildSettings = {
				ALWAYS_EMBED_SWIFT_STANDARD_LIBRARIES = YES;
				BUNDLE_LOADER = "$(TEST_HOST)";
				INFOPLIST_FILE = "Note ItTests/Info.plist";
				LD_RUNPATH_SEARCH_PATHS = "$(inherited) @executable_path/Frameworks @loader_path/Frameworks";
				PRODUCT_BUNDLE_IDENTIFIER = "uk.ac.coventry.noteit.Note-ItTests";
				PRODUCT_NAME = "$(TARGET_NAME)";
				SWIFT_VERSION = 3.0;
				TEST_HOST = "$(BUILT_PRODUCTS_DIR)/Note It.app/Note It";
			};
			name = Release;
		};
		AF2F669C1DC1F9910092B8EF /* Debug */ = {
			isa = XCBuildConfiguration;
			buildSettings = {
				ALWAYS_EMBED_SWIFT_STANDARD_LIBRARIES = YES;
				INFOPLIST_FILE = "Note ItUITests/Info.plist";
				LD_RUNPATH_SEARCH_PATHS = "$(inherited) @executable_path/Frameworks @loader_path/Frameworks";
				PRODUCT_BUNDLE_IDENTIFIER = "uk.ac.coventry.noteit.Note-ItUITests";
				PRODUCT_NAME = "$(TARGET_NAME)";
				SWIFT_VERSION = 3.0;
				TEST_TARGET_NAME = "Note It";
			};
			name = Debug;
		};
		AF2F669D1DC1F9910092B8EF /* Release */ = {
			isa = XCBuildConfiguration;
			buildSettings = {
				ALWAYS_EMBED_SWIFT_STANDARD_LIBRARIES = YES;
				INFOPLIST_FILE = "Note ItUITests/Info.plist";
				LD_RUNPATH_SEARCH_PATHS = "$(inherited) @executable_path/Frameworks @loader_path/Frameworks";
				PRODUCT_BUNDLE_IDENTIFIER = "uk.ac.coventry.noteit.Note-ItUITests";
				PRODUCT_NAME = "$(TARGET_NAME)";
				SWIFT_VERSION = 3.0;
				TEST_TARGET_NAME = "Note It";
			};
			name = Release;
		};
/* End XCBuildConfiguration section */

/* Begin XCConfigurationList section */
		AF2F66651DC1F9900092B8EF /* Build configuration list for PBXProject "Note It" */ = {
			isa = XCConfigurationList;
			buildConfigurations = (
				AF2F66931DC1F9910092B8EF /* Debug */,
				AF2F66941DC1F9910092B8EF /* Release */,
			);
			defaultConfigurationIsVisible = 0;
			defaultConfigurationName = Release;
		};
		AF2F66951DC1F9910092B8EF /* Build configuration list for PBXNativeTarget "Note It" */ = {
			isa = XCConfigurationList;
			buildConfigurations = (
				AF2F66961DC1F9910092B8EF /* Debug */,
				AF2F66971DC1F9910092B8EF /* Release */,
			);
			defaultConfigurationIsVisible = 0;
			defaultConfigurationName = Release;
		};
		AF2F66981DC1F9910092B8EF /* Build configuration list for PBXNativeTarget "Note ItTests" */ = {
			isa = XCConfigurationList;
			buildConfigurations = (
				AF2F66991DC1F9910092B8EF /* Debug */,
				AF2F669A1DC1F9910092B8EF /* Release */,
			);
			defaultConfigurationIsVisible = 0;
			defaultConfigurationName = Release;
		};
		AF2F669B1DC1F9910092B8EF /* Build configuration list for PBXNativeTarget "Note ItUITests" */ = {
			isa = XCConfigurationList;
			buildConfigurations = (
				AF2F669C1DC1F9910092B8EF /* Debug */,
				AF2F669D1DC1F9910092B8EF /* Release */,
			);
			defaultConfigurationIsVisible = 0;
			defaultConfigurationName = Release;
		};
/* End XCConfigurationList section */

/* Begin XCVersionGroup section */
		AF2F66741DC1F9910092B8EF /* Note_It.xcdatamodeld */ = {
			isa = XCVersionGroup;
			children = (
				AF2F66751DC1F9910092B8EF /* Note_It.xcdatamodel */,
			);
			currentVersion = AF2F66751DC1F9910092B8EF /* Note_It.xcdatamodel */;
			path = Note_It.xcdatamodeld;
			sourceTree = "<group>";
			versionGroupType = wrapper.xcdatamodel;
		};
/* End XCVersionGroup section */
	};
	rootObject = AF2F66621DC1F9900092B8EF /* Project object */;
}
